
Microsoft Visual Studio Solution File, Format Version 12.00
# Visual Studio Version 16
VisualStudioVersion = 16.0.32630.194
MinimumVisualStudioVersion = 10.0.40219.1
Project("{FAE04EC0-301F-11D3-BF4B-00C04F79EFBC}") = "Eczane", "Eczane\Eczane.csproj", "{A208DFE0-660E-44A4-920D-692A2DE1CE7B}"
EndProject
Global
	GlobalSection(SolutionConfigurationPlatforms) = preSolution
		Debug|Any CPU = Debug|Any CPU
		Release|Any CPU = Release|Any CPU
	EndGlobalSection
	GlobalSection(ProjectConfigurationPlatforms) = postSolution
		{A208DFE0-660E-44A4-920D-692A2DE1CE7B}.Debug|Any CPU.ActiveCfg = Debug|Any CPU
		{A208DFE0-660E-44A4-920D-692A2DE1CE7B}.Debug|Any CPU.Build.0 = Debug|Any CPU
		{A208DFE0-660E-44A4-920D-692A2DE1CE7B}.Release|Any CPU.ActiveCfg = Release|Any CPU
		{A208DFE0-660E-44A4-920D-692A2DE1CE7B}.Release|Any CPU.Build.0 = Release|Any CPU
	EndGlobalSection
	GlobalSection(SolutionProperties) = preSolution
		HideSolutionNode = FALSE
	EndGlobalSection
	GlobalSection(ExtensibilityGlobals) = postSolution
		SolutionGuid = {C5A4BA6B-46C4-4D88-A1F1-00126F254AEE}
	EndGlobalSection
EndGlobal
